// !$*UTF8*$!
{
	archiveVersion = 1;
	classes = {
	};
	objectVersion = 50;
	objects = {

/* Begin PBXBuildFile section */
		358A789620BD9633009C0FEC /* AppDelegate.m in Sources */ = {isa = PBXBuildFile; fileRef = 358A789520BD9633009C0FEC /* AppDelegate.m */; };
		358A789920BD9633009C0FEC /* ViewController.m in Sources */ = {isa = PBXBuildFile; fileRef = 358A789820BD9633009C0FEC /* ViewController.m */; };
		358A789C20BD9633009C0FEC /* Main.storyboard in Resources */ = {isa = PBXBuildFile; fileRef = 358A789A20BD9633009C0FEC /* Main.storyboard */; };
		358A789E20BD9634009C0FEC /* Assets.xcassets in Resources */ = {isa = PBXBuildFile; fileRef = 358A789D20BD9634009C0FEC /* Assets.xcassets */; };
		358A78A120BD9634009C0FEC /* LaunchScreen.storyboard in Resources */ = {isa = PBXBuildFile; fileRef = 358A789F20BD9634009C0FEC /* LaunchScreen.storyboard */; };
		358A78A420BD9634009C0FEC /* main.m in Sources */ = {isa = PBXBuildFile; fileRef = 358A78A320BD9634009C0FEC /* main.m */; };
		358A78AE20BD9634009C0FEC /* DemoTests.m in Sources */ = {isa = PBXBuildFile; fileRef = 358A78AD20BD9634009C0FEC /* DemoTests.m */; };
		358A78B920BD9634009C0FEC /* DemoUITests.m in Sources */ = {isa = PBXBuildFile; fileRef = 358A78B820BD9634009C0FEC /* DemoUITests.m */; };
/* End PBXBuildFile section */

/* Begin PBXContainerItemProxy section */
		358A78AA20BD9634009C0FEC /* PBXContainerItemProxy */ = {
			isa = PBXContainerItemProxy;
			containerPortal = 358A788920BD9633009C0FEC /* Project object */;
			proxyType = 1;
			remoteGlobalIDString = 358A789020BD9633009C0FEC;
			remoteInfo = Demo;
		};
		358A78B520BD9634009C0FEC /* PBXContainerItemProxy */ = {
			isa = PBXContainerItemProxy;
			containerPortal = 358A788920BD9633009C0FEC /* Project object */;
			proxyType = 1;
			remoteGlobalIDString = 358A789020BD9633009C0FEC;
			remoteInfo = Demo;
		};
/* End PBXContainerItemProxy section */

/* Begin PBXFileReference section */
		358A789120BD9633009C0FEC /* Demo.app */ = {isa = PBXFileReference; explicitFileType = wrapper.application; includeInIndex = 0; path = Demo.app; sourceTree = BUILT_PRODUCTS_DIR; };
		358A789420BD9633009C0FEC /* AppDelegate.h */ = {isa = PBXFileReference; lastKnownFileType = sourcecode.c.h; path = AppDelegate.h; sourceTree = "<group>"; };
		358A789520BD9633009C0FEC /* AppDelegate.m */ = {isa = PBXFileReference; lastKnownFileType = sourcecode.c.objc; path = AppDelegate.m; sourceTree = "<group>"; };
		358A789720BD9633009C0FEC /* ViewController.h */ = {isa = PBXFileReference; lastKnownFileType = sourcecode.c.h; path = ViewController.h; sourceTree = "<group>"; };
		358A789820BD9633009C0FEC /* ViewController.m */ = {isa = PBXFileReference; lastKnownFileType = sourcecode.c.objc; path = ViewController.m; sourceTree = "<group>"; };
		358A789B20BD9633009C0FEC /* Base */ = {isa = PBXFileReference; lastKnownFileType = file.storyboard; name = Base; path = Base.lproj/Main.storyboard; sourceTree = "<group>"; };
		358A789D20BD9634009C0FEC /* Assets.xcassets */ = {isa = PBXFileReference; lastKnownFileType = folder.assetcatalog; path = Assets.xcassets; sourceTree = "<group>"; };
		358A78A020BD9634009C0FEC /* Base */ = {isa = PBXFileReference; lastKnownFileType = file.storyboard; name = Base; path = Base.lproj/LaunchScreen.storyboard; sourceTree = "<group>"; };
		358A78A220BD9634009C0FEC /* Info.plist */ = {isa = PBXFileReference; lastKnownFileType = text.plist.xml; path = Info.plist; sourceTree = "<group>"; };
		358A78A320BD9634009C0FEC /* main.m */ = {isa = PBXFileReference; lastKnownFileType = sourcecode.c.objc; path = main.m; sourceTree = "<group>"; };
		358A78A920BD9634009C0FEC /* DemoTests.xctest */ = {isa = PBXFileReference; explicitFileType = wrapper.cfbundle; includeInIndex = 0; path = DemoTests.xctest; sourceTree = BUILT_PRODUCTS_DIR; };
		358A78AD20BD9634009C0FEC /* DemoTests.m */ = {isa = PBXFileReference; lastKnownFileType = sourcecode.c.objc; path = DemoTests.m; sourceTree = "<group>"; };
		358A78AF20BD9634009C0FEC /* Info.plist */ = {isa = PBXFileReference; lastKnownFileType = text.plist.xml; path = Info.plist; sourceTree = "<group>"; };
		358A78B420BD9634009C0FEC /* DemoUITests.xctest */ = {isa = PBXFileReference; explicitFileType = wrapper.cfbundle; includeInIndex = 0; path = DemoUITests.xctest; sourceTree = BUILT_PRODUCTS_DIR; };
		358A78B820BD9634009C0FEC /* DemoUITests.m */ = {isa = PBXFileReference; lastKnownFileType = sourcecode.c.objc; path = DemoUITests.m; sourceTree = "<group>"; };
		358A78BA20BD9634009C0FEC /* Info.plist */ = {isa = PBXFileReference; lastKnownFileType = text.plist.xml; path = Info.plist; sourceTree = "<group>"; };
/* End PBXFileReference section */

/* Begin PBXFrameworksBuildPhase section */
		358A788E20BD9633009C0FEC /* Frameworks */ = {
			isa = PBXFrameworksBuildPhase;
			buildActionMask = 2147483647;
			files = (
			);
			runOnlyForDeploymentPostprocessing = 0;
		};
		358A78A620BD9634009C0FEC /* Frameworks */ = {
			isa = PBXFrameworksBuildPhase;
			buildActionMask = 2147483647;
			files = (
			);
			runOnlyForDeploymentPostprocessing = 0;
		};
		358A78B120BD9634009C0FEC /* Frameworks */ = {
			isa = PBXFrameworksBuildPhase;
			buildActionMask = 2147483647;
			files = (
			);
			runOnlyForDeploymentPostprocessing = 0;
		};
/* End PBXFrameworksBuildPhase section */

/* Begin PBXGroup section */
		358A788820BD9633009C0FEC = {
			isa = PBXGroup;
			children = (
				358A789320BD9633009C0FEC /* Demo */,
				358A78AC20BD9634009C0FEC /* DemoTests */,
				358A78B720BD9634009C0FEC /* DemoUITests */,
				358A789220BD9633009C0FEC /* Products */,
			);
			sourceTree = "<group>";
		};
		358A789220BD9633009C0FEC /* Products */ = {
			isa = PBXGroup;
			children = (
				358A789120BD9633009C0FEC /* Demo.app */,
				358A78A920BD9634009C0FEC /* DemoTests.xctest */,
				358A78B420BD9634009C0FEC /* DemoUITests.xctest */,
			);
			name = Products;
			sourceTree = "<group>";
		};
		358A789320BD9633009C0FEC /* Demo */ = {
			isa = PBXGroup;
			children = (
				358A789420BD9633009C0FEC /* AppDelegate.h */,
				358A789520BD9633009C0FEC /* AppDelegate.m */,
				358A789720BD9633009C0FEC /* ViewController.h */,
				358A789820BD9633009C0FEC /* ViewController.m */,
				358A789A20BD9633009C0FEC /* Main.storyboard */,
				358A789D20BD9634009C0FEC /* Assets.xcassets */,
				358A789F20BD9634009C0FEC /* LaunchScreen.storyboard */,
				358A78A220BD9634009C0FEC /* Info.plist */,
				358A78A320BD9634009C0FEC /* main.m */,
			);
			path = Demo;
			sourceTree = "<group>";
		};
		358A78AC20BD9634009C0FEC /* DemoTests */ = {
			isa = PBXGroup;
			children = (
				358A78AD20BD9634009C0FEC /* DemoTests.m */,
				358A78AF20BD9634009C0FEC /* Info.plist */,
			);
			path = DemoTests;
			sourceTree = "<group>";
		};
		358A78B720BD9634009C0FEC /* DemoUITests */ = {
			isa = PBXGroup;
			children = (
				358A78B820BD9634009C0FEC /* DemoUITests.m */,
				358A78BA20BD9634009C0FEC /* Info.plist */,
			);
			path = DemoUITests;
			sourceTree = "<group>";
		};
/* End PBXGroup section */

/* Begin PBXNativeTarget section */
		358A789020BD9633009C0FEC /* Demo */ = {
			isa = PBXNativeTarget;
			buildConfigurationList = 358A78BD20BD9634009C0FEC /* Build configuration list for PBXNativeTarget "Demo" */;
			buildPhases = (
				358A788D20BD9633009C0FEC /* Sources */,
				358A788E20BD9633009C0FEC /* Frameworks */,
				358A788F20BD9633009C0FEC /* Resources */,
			);
			buildRules = (
			);
			dependencies = (
			);
			name = Demo;
			productName = Demo;
			productReference = 358A789120BD9633009C0FEC /* Demo.app */;
			productType = "com.apple.product-type.application";
		};
		358A78A820BD9634009C0FEC /* DemoTests */ = {
			isa = PBXNativeTarget;
			buildConfigurationList = 358A78C020BD9634009C0FEC /* Build configuration list for PBXNativeTarget "DemoTests" */;
			buildPhases = (
				358A78A520BD9634009C0FEC /* Sources */,
				358A78A620BD9634009C0FEC /* Frameworks */,
				358A78A720BD9634009C0FEC /* Resources */,
			);
			buildRules = (
			);
			dependencies = (
				358A78AB20BD9634009C0FEC /* PBXTargetDependency */,
			);
			name = DemoTests;
			productName = DemoTests;
			productReference = 358A78A920BD9634009C0FEC /* DemoTests.xctest */;
			productType = "com.apple.product-type.bundle.unit-test";
		};
		358A78B320BD9634009C0FEC /* DemoUITests */ = {
			isa = PBXNativeTarget;
			buildConfigurationList = 358A78C320BD9634009C0FEC /* Build configuration list for PBXNativeTarget "DemoUITests" */;
			buildPhases = (
				358A78B020BD9634009C0FEC /* Sources */,
				358A78B120BD9634009C0FEC /* Frameworks */,
				358A78B220BD9634009C0FEC /* Resources */,
			);
			buildRules = (
			);
			dependencies = (
				358A78B620BD9634009C0FEC /* PBXTargetDependency */,
			);
			name = DemoUITests;
			productName = DemoUITests;
			productReference = 358A78B420BD9634009C0FEC /* DemoUITests.xctest */;
			productType = "com.apple.product-type.bundle.ui-testing";
		};
/* End PBXNativeTarget section */

/* Begin PBXProject section */
		358A788920BD9633009C0FEC /* Project object */ = {
			isa = PBXProject;
			attributes = {
				LastUpgradeCheck = 0930;
				ORGANIZATIONNAME = chongdian;
				TargetAttributes = {
					358A789020BD9633009C0FEC = {
						CreatedOnToolsVersion = 9.3;
					};
					358A78A820BD9634009C0FEC = {
						CreatedOnToolsVersion = 9.3;
						TestTargetID = 358A789020BD9633009C0FEC;
					};
					358A78B320BD9634009C0FEC = {
						CreatedOnToolsVersion = 9.3;
						TestTargetID = 358A789020BD9633009C0FEC;
					};
				};
			};
			buildConfigurationList = 358A788C20BD9633009C0FEC /* Build configuration list for PBXProject "Demo" */;
			compatibilityVersion = "Xcode 9.3";
			developmentRegion = en;
			hasScannedForEncodings = 0;
			knownRegions = (
				en,
				Base,
			);
			mainGroup = 358A788820BD9633009C0FEC;
			productRefGroup = 358A789220BD9633009C0FEC /* Products */;
			projectDirPath = "";
			projectRoot = "";
			targets = (
				358A789020BD9633009C0FEC /* Demo */,
				358A78A820BD9634009C0FEC /* DemoTests */,
				358A78B320BD9634009C0FEC /* DemoUITests */,
			);
		};
/* End PBXProject section */

/* Begin PBXResourcesBuildPhase section */
		358A788F20BD9633009C0FEC /* Resources */ = {
			isa = PBXResourcesBuildPhase;
			buildActionMask = 2147483647;
			files = (
				358A78A120BD9634009C0FEC /* LaunchScreen.storyboard in Resources */,
				358A789E20BD9634009C0FEC /* Assets.xcassets in Resources */,
				358A789C20BD9633009C0FEC /* Main.storyboard in Resources */,
			);
			runOnlyForDeploymentPostprocessing = 0;
		};
		358A78A720BD9634009C0FEC /* Resources */ = {
			isa = PBXResourcesBuildPhase;
			buildActionMask = 2147483647;
			files = (
			);
			runOnlyForDeploymentPostprocessing = 0;
		};
		358A78B220BD9634009C0FEC /* Resources */ = {
			isa = PBXResourcesBuildPhase;
			buildActionMask = 2147483647;
			files = (
			);
			runOnlyForDeploymentPostprocessing = 0;
		};
/* End PBXResourcesBuildPhase section */

/* Begin PBXSourcesBuildPhase section */
		358A788D20BD9633009C0FEC /* Sources */ = {
			isa = PBXSourcesBuildPhase;
			buildActionMask = 2147483647;
			files = (
				358A789920BD9633009C0FEC /* ViewController.m in Sources */,
				358A78A420BD9634009C0FEC /* main.m in Sources */,
				358A789620BD9633009C0FEC /* AppDelegate.m in Sources */,
			);
			runOnlyForDeploymentPostprocessing = 0;
		};
		358A78A520BD9634009C0FEC /* Sources */ = {
			isa = PBXSourcesBuildPhase;
			buildActionMask = 2147483647;
			files = (
				358A78AE20BD9634009C0FEC /* DemoTests.m in Sources */,
			);
			runOnlyForDeploymentPostprocessing = 0;
		};
		358A78B020BD9634009C0FEC /* Sources */ = {
			isa = PBXSourcesBuildPhase;
			buildActionMask = 2147483647;
			files = (
				358A78B920BD9634009C0FEC /* DemoUITests.m in Sources */,
			);
			runOnlyForDeploymentPostprocessing = 0;
		};
/* End PBXSourcesBuildPhase section */

/* Begin PBXTargetDependency section */
		358A78AB20BD9634009C0FEC /* PBXTargetDependency */ = {
			isa = PBXTargetDependency;
			target = 358A789020BD9633009C0FEC /* Demo */;
			targetProxy = 358A78AA20BD9634009C0FEC /* PBXContainerItemProxy */;
		};
		358A78B620BD9634009C0FEC /* PBXTargetDependency */ = {
			isa = PBXTargetDependency;
			target = 358A789020BD9633009C0FEC /* Demo */;
			targetProxy = 358A78B520BD9634009C0FEC /* PBXContainerItemProxy */;
		};
/* End PBXTargetDependency section */

/* Begin PBXVariantGroup section */
		358A789A20BD9633009C0FEC /* Main.storyboard */ = {
			isa = PBXVariantGroup;
			children = (
				358A789B20BD9633009C0FEC /* Base */,
			);
			name = Main.storyboard;
			sourceTree = "<group>";
		};
		358A789F20BD9634009C0FEC /* LaunchScreen.storyboard */ = {
			isa = PBXVariantGroup;
			children = (
				358A78A020BD9634009C0FEC /* Base */,
			);
			name = LaunchScreen.storyboard;
			sourceTree = "<group>";
		};
/* End PBXVariantGroup section */

/* Begin XCBuildConfiguration section */
		358A78BB20BD9634009C0FEC /* Debug */ = {
			isa = XCBuildConfiguration;
			buildSettings = {
				ALWAYS_SEARCH_USER_PATHS = NO;
				CLANG_ANALYZER_NONNULL = YES;
				CLANG_ANALYZER_NUMBER_OBJECT_CONVERSION = YES_AGGRESSIVE;
				CLANG_CXX_LANGUAGE_STANDARD = "gnu++14";
				CLANG_CXX_LIBRARY = "libc++";
				CLANG_ENABLE_MODULES = YES;
				CLANG_ENABLE_OBJC_ARC = YES;
				CLANG_ENABLE_OBJC_WEAK = YES;
				CLANG_WARN_BLOCK_CAPTURE_AUTORELEASING = YES;
				CLANG_WARN_BOOL_CONVERSION = YES;
				CLANG_WARN_COMMA = YES;
				CLANG_WARN_CONSTANT_CONVERSION = YES;
				CLANG_WARN_DEPRECATED_OBJC_IMPLEMENTATIONS = YES;
				CLANG_WARN_DIRECT_OBJC_ISA_USAGE = YES_ERROR;
				CLANG_WARN_DOCUMENTATION_COMMENTS = YES;
				CLANG_WARN_EMPTY_BODY = YES;
				CLANG_WARN_ENUM_CONVERSION = YES;
				CLANG_WARN_INFINITE_RECURSION = YES;
				CLANG_WARN_INT_CONVERSION = YES;
				CLANG_WARN_NON_LITERAL_NULL_CONVERSION = YES;
				CLANG_WARN_OBJC_IMPLICIT_RETAIN_SELF = YES;
				CLANG_WARN_OBJC_LITERAL_CONVERSION = YES;
				CLANG_WARN_OBJC_ROOT_CLASS = YES_ERROR;
				CLANG_WARN_RANGE_LOOP_ANALYSIS = YES;
				CLANG_WARN_STRICT_PROTOTYPES = YES;
				CLANG_WARN_SUSPICIOUS_MOVE = YES;
				CLANG_WARN_UNGUARDED_AVAILABILITY = YES_AGGRESSIVE;
				CLANG_WARN_UNREACHABLE_CODE = YES;
				CLANG_WARN__DUPLICATE_METHOD_MATCH = YES;
				CODE_SIGN_IDENTITY = "iPhone Developer";
				COPY_PHASE_STRIP = NO;
				DEBUG_INFORMATION_FORMAT = dwarf;
				ENABLE_STRICT_OBJC_MSGSEND = YES;
				ENABLE_TESTABILITY = YES;
				GCC_C_LANGUAGE_STANDARD = gnu11;
				GCC_DYNAMIC_NO_PIC = NO;
				GCC_NO_COMMON_BLOCKS = YES;
				GCC_OPTIMIZATION_LEVEL = 0;
				GCC_PREPROCESSOR_DEFINITIONS = (
					"DEBUG=1",
					"$(inherited)",
				);
				GCC_WARN_64_TO_32_BIT_CONVERSION = YES;
				GCC_WARN_ABOUT_RETURN_TYPE = YES_ERROR;
				GCC_WARN_UNDECLARED_SELECTOR = YES;
				GCC_WARN_UNINITIALIZED_AUTOS = YES_AGGRESSIVE;
				GCC_WARN_UNUSED_FUNCTION = YES;
				GCC_WARN_UNUSED_VARIABLE = YES;
				IPHONEOS_DEPLOYMENT_TARGET = 11.3;
				MTL_ENABLE_DEBUG_INFO = YES;
				ONLY_ACTIVE_ARCH = YES;
				SDKROOT = iphoneos;
			};
			name = Debug;
		};
		358A78BC20BD9634009C0FEC /* Release */ = {
			isa = XCBuildConfiguration;
			buildSettings = {
				ALWAYS_SEARCH_USER_PATHS = NO;
				CLANG_ANALYZER_NONNULL = YES;
				CLANG_ANALYZER_NUMBER_OBJECT_CONVERSION = YES_AGGRESSIVE;
				CLANG_CXX_LANGUAGE_STANDARD = "gnu++14";
				CLANG_CXX_LIBRARY = "libc++";
				CLANG_ENABLE_MODULES = YES;
				CLANG_ENABLE_OBJC_ARC = YES;
				CLANG_ENABLE_OBJC_WEAK = YES;
				CLANG_WARN_BLOCK_CAPTURE_AUTORELEASING = YES;
				CLANG_WARN_BOOL_CONVERSION = YES;
				CLANG_WARN_COMMA = YES;
				CLANG_WARN_CONSTANT_CONVERSION = YES;
				CLANG_WARN_DEPRECATED_OBJC_IMPLEMENTATIONS = YES;
				CLANG_WARN_DIRECT_OBJC_ISA_USAGE = YES_ERROR;
				CLANG_WARN_DOCUMENTATION_COMMENTS = YES;
				CLANG_WARN_EMPTY_BODY = YES;
				CLANG_WARN_ENUM_CONVERSION = YES;
				CLANG_WARN_INFINITE_RECURSION = YES;
				CLANG_WARN_INT_CONVERSION = YES;
				CLANG_WARN_NON_LITERAL_NULL_CONVERSION = YES;
				CLANG_WARN_OBJC_IMPLICIT_RETAIN_SELF = YES;
				CLANG_WARN_OBJC_LITERAL_CONVERSION = YES;
				CLANG_WARN_OBJC_ROOT_CLASS = YES_ERROR;
				CLANG_WARN_RANGE_LOOP_ANALYSIS = YES;
				CLANG_WARN_STRICT_PROTOTYPES = YES;
				CLANG_WARN_SUSPICIOUS_MOVE = YES;
				CLANG_WARN_UNGUARDED_AVAILABILITY = YES_AGGRESSIVE;
				CLANG_WARN_UNREACHABLE_CODE = YES;
				CLANG_WARN__DUPLICATE_METHOD_MATCH = YES;
				CODE_SIGN_IDENTITY = "iPhone Developer";
				COPY_PHASE_STRIP = NO;
				DEBUG_INFORMATION_FORMAT = "dwarf-with-dsym";
				ENABLE_NS_ASSERTIONS = NO;
				ENABLE_STRICT_OBJC_MSGSEND = YES;
				GCC_C_LANGUAGE_STANDARD = gnu11;
				GCC_NO_COMMON_BLOCKS = YES;
				GCC_WARN_64_TO_32_BIT_CONVERSION = YES;
				GCC_WARN_ABOUT_RETURN_TYPE = YES_ERROR;
				GCC_WARN_UNDECLARED_SELECTOR = YES;
				GCC_WARN_UNINITIALIZED_AUTOS = YES_AGGRESSIVE;
				GCC_WARN_UNUSED_FUNCTION = YES;
				GCC_WARN_UNUSED_VARIABLE = YES;
				IPHONEOS_DEPLOYMENT_TARGET = 11.3;
				MTL_ENABLE_DEBUG_INFO = NO;
				SDKROOT = iphoneos;
				VALIDATE_PRODUCT = YES;
			};
			name = Release;
		};
		358A78BE20BD9634009C0FEC /* Debug */ = {
			isa = XCBuildConfiguration;
			buildSettings = {
				ASSETCATALOG_COMPILER_APPICON_NAME = AppIcon;
				CODE_SIGN_STYLE = Automatic;
				INFOPLIST_FILE = Demo/Info.plist;
				LD_RUNPATH_SEARCH_PATHS = (
					"$(inherited)",
					"@executable_path/Frameworks",
				);
				PRODUCT_BUNDLE_IDENTIFIER = zyj.Demo;
				PRODUCT_NAME = "$(TARGET_NAME)";
				TARGETED_DEVICE_FAMILY = "1,2";
			};
			name = Debug;
		};
		358A78BF20BD9634009C0FEC /* Release */ = {
			isa = XCBuildConfiguration;
			buildSettings = {
				ASSETCATALOG_COMPILER_APPICON_NAME = AppIcon;
				CODE_SIGN_STYLE = Automatic;
				INFOPLIST_FILE = Demo/Info.plist;
				LD_RUNPATH_SEARCH_PATHS = (
					"$(inherited)",
					"@executable_path/Frameworks",
				);
				PRODUCT_BUNDLE_IDENTIFIER = zyj.Demo;
				PRODUCT_NAME = "$(TARGET_NAME)";
				TARGETED_DEVICE_FAMILY = "1,2";
			};
			name = Release;
		};
		358A78C120BD9634009C0FEC /* Debug */ = {
			isa = XCBuildConfiguration;
			buildSettings = {
				BUNDLE_LOADER = "$(TEST_HOST)";
				CODE_SIGN_STYLE = Automatic;
				INFOPLIST_FILE = DemoTests/Info.plist;
				LD_RUNPATH_SEARCH_PATHS = (
					"$(inherited)",
					"@executable_path/Frameworks",
					"@loader_path/Frameworks",
				);
				PRODUCT_BUNDLE_IDENTIFIER = zyj.DemoTests;
				PRODUCT_NAME = "$(TARGET_NAME)";
				TARGETED_DEVICE_FAMILY = "1,2";
				TEST_HOST = "$(BUILT_PRODUCTS_DIR)/Demo.app/Demo";
			};
			name = Debug;
		};
		358A78C220BD9634009C0FEC /* Release */ = {
			isa = XCBuildConfiguration;
			buildSettings = {
				BUNDLE_LOADER = "$(TEST_HOST)";
				CODE_SIGN_STYLE = Automatic;
				INFOPLIST_FILE = DemoTests/Info.plist;
				LD_RUNPATH_SEARCH_PATHS = (
					"$(inherited)",
					"@executable_path/Frameworks",
					"@loader_path/Frameworks",
				);
				PRODUCT_BUNDLE_IDENTIFIER = zyj.DemoTests;
				PRODUCT_NAME = "$(TARGET_NAME)";
				TARGETED_DEVICE_FAMILY = "1,2";
				TEST_HOST = "$(BUILT_PRODUCTS_DIR)/Demo.app/Demo";
			};
			name = Release;
		};
		358A78C420BD9634009C0FEC /* Debug */ = {
			isa = XCBuildConfiguration;
			buildSettings = {
				CODE_SIGN_STYLE = Automatic;
				INFOPLIST_FILE = DemoUITests/Info.plist;
				LD_RUNPATH_SEARCH_PATHS = (
					"$(inherited)",
					"@executable_path/Frameworks",
					"@loader_path/Frameworks",
				);
				PRODUCT_BUNDLE_IDENTIFIER = zyj.DemoUITests;
				PRODUCT_NAME = "$(TARGET_NAME)";
				TARGETED_DEVICE_FAMILY = "1,2";
				TEST_TARGET_NAME = Demo;
			};
			name = Debug;
		};
		358A78C520BD9634009C0FEC /* Release */ = {
			isa = XCBuildConfiguration;
			buildSettings = {
				CODE_SIGN_STYLE = Automatic;
				INFOPLIST_FILE = DemoUITests/Info.plist;
				LD_RUNPATH_SEARCH_PATHS = (
					"$(inherited)",
					"@executable_path/Frameworks",
					"@loader_path/Frameworks",
				);
				PRODUCT_BUNDLE_IDENTIFIER = zyj.DemoUITests;
				PRODUCT_NAME = "$(TARGET_NAME)";
				TARGETED_DEVICE_FAMILY = "1,2";
				TEST_TARGET_NAME = Demo;
			};
			name = Release;
		};
/* End XCBuildConfiguration section */

/* Begin XCConfigurationList section */
		358A788C20BD9633009C0FEC /* Build configuration list for PBXProject "Demo" */ = {
			isa = XCConfigurationList;
			buildConfigurations = (
				358A78BB20BD9634009C0FEC /* Debug */,
				358A78BC20BD9634009C0FEC /* Release */,
			);
			defaultConfigurationIsVisible = 0;
			defaultConfigurationName = Release;
		};
		358A78BD20BD9634009C0FEC /* Build configuration list for PBXNativeTarget "Demo" */ = {
			isa = XCConfigurationList;
			buildConfigurations = (
				358A78BE20BD9634009C0FEC /* Debug */,
				358A78BF20BD9634009C0FEC /* Release */,
			);
			defaultConfigurationIsVisible = 0;
			defaultConfigurationName = Release;
		};
		358A78C020BD9634009C0FEC /* Build configuration list for PBXNativeTarget "DemoTests" */ = {
			isa = XCConfigurationList;
			buildConfigurations = (
				358A78C120BD9634009C0FEC /* Debug */,
				358A78C220BD9634009C0FEC /* Release */,
			);
			defaultConfigurationIsVisible = 0;
			defaultConfigurationName = Release;
		};
		358A78C320BD9634009C0FEC /* Build configuration list for PBXNativeTarget "DemoUITests" */ = {
			isa = XCConfigurationList;
			buildConfigurations = (
				358A78C420BD9634009C0FEC /* Debug */,
				358A78C520BD9634009C0FEC /* Release */,
			);
			defaultConfigurationIsVisible = 0;
			defaultConfigurationName = Release;
		};
/* End XCConfigurationList section */
	};
	rootObject = 358A788920BD9633009C0FEC /* Project object */;
}
